
Microsoft Visual Studio Solution File, Format Version 11.00
# Visual Studio 2010
Project("{FAE04EC0-301F-11D3-BF4B-00C04F79EFBC}") = "Assembly-CSharp", "Assembly-CSharp.csproj", "{29a93466-0e49-4dc8-044c-aa45c2edb154}"
EndProject
Project("{FAE04EC0-301F-11D3-BF4B-00C04F79EFBC}") = "Assembly-CSharp-Editor", "Assembly-CSharp-Editor.csproj", "{98a8d464-29f9-27a9-368f-c11b92cff480}"
EndProject
Global
	GlobalSection(SolutionConfigurationPlatforms) = preSolution
		Debug|Any CPU = Debug|Any CPU
	EndGlobalSection
	GlobalSection(ProjectConfigurationPlatforms) = postSolution
		{29a93466-0e49-4dc8-044c-aa45c2edb154}.Debug|Any CPU.ActiveCfg = Debug|Any CPU
		{29a93466-0e49-4dc8-044c-aa45c2edb154}.Debug|Any CPU.Build.0 = Debug|Any CPU
		{98a8d464-29f9-27a9-368f-c11b92cff480}.Debug|Any CPU.ActiveCfg = Debug|Any CPU
		{98a8d464-29f9-27a9-368f-c11b92cff480}.Debug|Any CPU.Build.0 = Debug|Any CPU
	EndGlobalSection
	GlobalSection(SolutionProperties) = preSolution
		HideSolutionNode = FALSE
	EndGlobalSection
EndGlobal
